
Microsoft Visual Studio Solution File, Format Version 12.00
# Visual Studio Version 16
VisualStudioVersion = 16.0.29102.190
MinimumVisualStudioVersion = 10.0.40219.1
Project("{FAE04EC0-301F-11D3-BF4B-00C04F79EFBC}") = "FFArchive", "FFArchive\FFArchive.csproj", "{B226D2EE-95D6-4C19-9FC1-AE6F1ABFC9AD}"
EndProject
Global
	GlobalSection(SolutionConfigurationPlatforms) = preSolution
		Debug|Any CPU = Debug|Any CPU
		Release|Any CPU = Release|Any CPU
	EndGlobalSection
	GlobalSection(ProjectConfigurationPlatforms) = postSolution
		{B226D2EE-95D6-4C19-9FC1-AE6F1ABFC9AD}.Debug|Any CPU.ActiveCfg = Debug|Any CPU
		{B226D2EE-95D6-4C19-9FC1-AE6F1ABFC9AD}.Debug|Any CPU.Build.0 = Debug|Any CPU
		{B226D2EE-95D6-4C19-9FC1-AE6F1ABFC9AD}.Release|Any CPU.ActiveCfg = Release|Any CPU
		{B226D2EE-95D6-4C19-9FC1-AE6F1ABFC9AD}.Release|Any CPU.Build.0 = Release|Any CPU
	EndGlobalSection
	GlobalSection(SolutionProperties) = preSolution
		HideSolutionNode = FALSE
	EndGlobalSection
	GlobalSection(ExtensibilityGlobals) = postSolution
		SolutionGuid = {A7A7E6B7-9696-4165-B309-B1FD925C05CA}
	EndGlobalSection
EndGlobal
